// !$*UTF8*$!
{
	archiveVersion = 1;
	classes = {
	};
	objectVersion = 50;
	objects = {

/* Begin PBXBuildFile section */
		7A2015B024F28CF900E30FCD /* DetaFormatter+Memo.swift in Sources */ = {isa = PBXBuildFile; fileRef = 7A2015AF24F28CF900E30FCD /* DetaFormatter+Memo.swift */; };
		7A5D8A9124F3D6D600DCA41A /* MemoCell.swift in Sources */ = {isa = PBXBuildFile; fileRef = 7A5D8A9024F3D6D600DCA41A /* MemoCell.swift */; };
		7A5D8A9424F3D99200DCA41A /* ComposeScene.swift in Sources */ = {isa = PBXBuildFile; fileRef = 7A5D8A9324F3D99200DCA41A /* ComposeScene.swift */; };
		7AA755BA24F5B52700F46774 /* TextView.swift in Sources */ = {isa = PBXBuildFile; fileRef = 7AA755B924F5B52700F46774 /* TextView.swift */; };
		7AA755BD24F5B72000F46774 /* KeyboardObserver.swift in Sources */ = {isa = PBXBuildFile; fileRef = 7AA755BC24F5B72000F46774 /* KeyboardObserver.swift */; };
		7ADDD35124F2688500A5B482 /* AppDelegate.swift in Sources */ = {isa = PBXBuildFile; fileRef = 7ADDD35024F2688500A5B482 /* AppDelegate.swift */; };
		7ADDD35324F2688500A5B482 /* SceneDelegate.swift in Sources */ = {isa = PBXBuildFile; fileRef = 7ADDD35224F2688500A5B482 /* SceneDelegate.swift */; };
		7ADDD35624F2688500A5B482 /* SwiftUIMemo.xcdatamodeld in Sources */ = {isa = PBXBuildFile; fileRef = 7ADDD35424F2688500A5B482 /* SwiftUIMemo.xcdatamodeld */; };
		7ADDD35824F2688500A5B482 /* MemoListScene.swift in Sources */ = {isa = PBXBuildFile; fileRef = 7ADDD35724F2688500A5B482 /* MemoListScene.swift */; };
		7ADDD35A24F2688700A5B482 /* Assets.xcassets in Resources */ = {isa = PBXBuildFile; fileRef = 7ADDD35924F2688700A5B482 /* Assets.xcassets */; };
		7ADDD35D24F2688700A5B482 /* Preview Assets.xcassets in Resources */ = {isa = PBXBuildFile; fileRef = 7ADDD35C24F2688700A5B482 /* Preview Assets.xcassets */; };
		7ADDD36024F2688700A5B482 /* LaunchScreen.storyboard in Resources */ = {isa = PBXBuildFile; fileRef = 7ADDD35E24F2688700A5B482 /* LaunchScreen.storyboard */; };
		7ADDD36A24F26EA400A5B482 /* Memo.swift in Sources */ = {isa = PBXBuildFile; fileRef = 7ADDD36924F26EA400A5B482 /* Memo.swift */; };
		7ADDD36C24F2709400A5B482 /* MemoStore.swift in Sources */ = {isa = PBXBuildFile; fileRef = 7ADDD36B24F2709400A5B482 /* MemoStore.swift */; };
/* End PBXBuildFile section */

/* Begin PBXFileReference section */
		7A2015AF24F28CF900E30FCD /* DetaFormatter+Memo.swift */ = {isa = PBXFileReference; lastKnownFileType = sourcecode.swift; path = "DetaFormatter+Memo.swift"; sourceTree = "<group>"; };
		7A5D8A9024F3D6D600DCA41A /* MemoCell.swift */ = {isa = PBXFileReference; lastKnownFileType = sourcecode.swift; path = MemoCell.swift; sourceTree = "<group>"; };
		7A5D8A9324F3D99200DCA41A /* ComposeScene.swift */ = {isa = PBXFileReference; lastKnownFileType = sourcecode.swift; path = ComposeScene.swift; sourceTree = "<group>"; };
		7AA755B924F5B52700F46774 /* TextView.swift */ = {isa = PBXFileReference; lastKnownFileType = sourcecode.swift; path = TextView.swift; sourceTree = "<group>"; };
		7AA755BC24F5B72000F46774 /* KeyboardObserver.swift */ = {isa = PBXFileReference; lastKnownFileType = sourcecode.swift; path = KeyboardObserver.swift; sourceTree = "<group>"; };
		7ADDD34D24F2688500A5B482 /* SwiftUIMemo.app */ = {isa = PBXFileReference; explicitFileType = wrapper.application; includeInIndex = 0; path = SwiftUIMemo.app; sourceTree = BUILT_PRODUCTS_DIR; };
		7ADDD35024F2688500A5B482 /* AppDelegate.swift */ = {isa = PBXFileReference; lastKnownFileType = sourcecode.swift; path = AppDelegate.swift; sourceTree = "<group>"; };
		7ADDD35224F2688500A5B482 /* SceneDelegate.swift */ = {isa = PBXFileReference; lastKnownFileType = sourcecode.swift; path = SceneDelegate.swift; sourceTree = "<group>"; };
		7ADDD35524F2688500A5B482 /* SwiftUIMemo.xcdatamodel */ = {isa = PBXFileReference; lastKnownFileType = wrapper.xcdatamodel; path = SwiftUIMemo.xcdatamodel; sourceTree = "<group>"; };
		7ADDD35724F2688500A5B482 /* MemoListScene.swift */ = {isa = PBXFileReference; lastKnownFileType = sourcecode.swift; path = MemoListScene.swift; sourceTree = "<group>"; };
		7ADDD35924F2688700A5B482 /* Assets.xcassets */ = {isa = PBXFileReference; lastKnownFileType = folder.assetcatalog; path = Assets.xcassets; sourceTree = "<group>"; };
		7ADDD35C24F2688700A5B482 /* Preview Assets.xcassets */ = {isa = PBXFileReference; lastKnownFileType = folder.assetcatalog; path = "Preview Assets.xcassets"; sourceTree = "<group>"; };
		7ADDD35F24F2688700A5B482 /* Base */ = {isa = PBXFileReference; lastKnownFileType = file.storyboard; name = Base; path = Base.lproj/LaunchScreen.storyboard; sourceTree = "<group>"; };
		7ADDD36124F2688700A5B482 /* Info.plist */ = {isa = PBXFileReference; lastKnownFileType = text.plist.xml; path = Info.plist; sourceTree = "<group>"; };
		7ADDD36924F26EA400A5B482 /* Memo.swift */ = {isa = PBXFileReference; lastKnownFileType = sourcecode.swift; path = Memo.swift; sourceTree = "<group>"; };
		7ADDD36B24F2709400A5B482 /* MemoStore.swift */ = {isa = PBXFileReference; lastKnownFileType = sourcecode.swift; path = MemoStore.swift; sourceTree = "<group>"; };
/* End PBXFileReference section */

/* Begin PBXFrameworksBuildPhase section */
		7ADDD34A24F2688500A5B482 /* Frameworks */ = {
			isa = PBXFrameworksBuildPhase;
			buildActionMask = 2147483647;
			files = (
			);
			runOnlyForDeploymentPostprocessing = 0;
		};
/* End PBXFrameworksBuildPhase section */

/* Begin PBXGroup section */
		7A2015AE24F28CD100E30FCD /* Extension */ = {
			isa = PBXGroup;
			children = (
				7A2015AF24F28CF900E30FCD /* DetaFormatter+Memo.swift */,
			);
			path = Extension;
			sourceTree = "<group>";
		};
		7A5D8A8F24F3D6AE00DCA41A /* View */ = {
			isa = PBXGroup;
			children = (
				7A5D8A9024F3D6D600DCA41A /* MemoCell.swift */,
				7AA755B924F5B52700F46774 /* TextView.swift */,
			);
			path = View;
			sourceTree = "<group>";
		};
		7A5D8A9224F3D93500DCA41A /* Scene */ = {
			isa = PBXGroup;
			children = (
				7ADDD35724F2688500A5B482 /* MemoListScene.swift */,
				7A5D8A9324F3D99200DCA41A /* ComposeScene.swift */,
			);
			path = Scene;
			sourceTree = "<group>";
		};
		7AA755BB24F5B6F400F46774 /* Shared */ = {
			isa = PBXGroup;
			children = (
				7AA755BC24F5B72000F46774 /* KeyboardObserver.swift */,
			);
			path = Shared;
			sourceTree = "<group>";
		};
		7ADDD34424F2688500A5B482 = {
			isa = PBXGroup;
			children = (
				7ADDD34F24F2688500A5B482 /* SwiftUIMemo */,
				7ADDD34E24F2688500A5B482 /* Products */,
			);
			sourceTree = "<group>";
		};
		7ADDD34E24F2688500A5B482 /* Products */ = {
			isa = PBXGroup;
			children = (
				7ADDD34D24F2688500A5B482 /* SwiftUIMemo.app */,
			);
			name = Products;
			sourceTree = "<group>";
		};
		7ADDD34F24F2688500A5B482 /* SwiftUIMemo */ = {
			isa = PBXGroup;
			children = (
				7AA755BB24F5B6F400F46774 /* Shared */,
				7A5D8A9224F3D93500DCA41A /* Scene */,
				7A5D8A8F24F3D6AE00DCA41A /* View */,
				7A2015AE24F28CD100E30FCD /* Extension */,
				7ADDD36824F26E7500A5B482 /* Model */,
				7ADDD35024F2688500A5B482 /* AppDelegate.swift */,
				7ADDD35224F2688500A5B482 /* SceneDelegate.swift */,
				7ADDD35924F2688700A5B482 /* Assets.xcassets */,
				7ADDD35E24F2688700A5B482 /* LaunchScreen.storyboard */,
				7ADDD36124F2688700A5B482 /* Info.plist */,
				7ADDD35424F2688500A5B482 /* SwiftUIMemo.xcdatamodeld */,
				7ADDD35B24F2688700A5B482 /* Preview Content */,
			);
			path = SwiftUIMemo;
			sourceTree = "<group>";
		};
		7ADDD35B24F2688700A5B482 /* Preview Content */ = {
			isa = PBXGroup;
			children = (
				7ADDD35C24F2688700A5B482 /* Preview Assets.xcassets */,
			);
			path = "Preview Content";
			sourceTree = "<group>";
		};
		7ADDD36824F26E7500A5B482 /* Model */ = {
			isa = PBXGroup;
			children = (
				7ADDD36924F26EA400A5B482 /* Memo.swift */,
				7ADDD36B24F2709400A5B482 /* MemoStore.swift */,
			);
			path = Model;
			sourceTree = "<group>";
		};
/* End PBXGroup section */

/* Begin PBXNativeTarget section */
		7ADDD34C24F2688500A5B482 /* SwiftUIMemo */ = {
			isa = PBXNativeTarget;
			buildConfigurationList = 7ADDD36424F2688700A5B482 /* Build configuration list for PBXNativeTarget "SwiftUIMemo" */;
			buildPhases = (
				7ADDD34924F2688500A5B482 /* Sources */,
				7ADDD34A24F2688500A5B482 /* Frameworks */,
				7ADDD34B24F2688500A5B482 /* Resources */,
			);
			buildRules = (
			);
			dependencies = (
			);
			name = SwiftUIMemo;
			productName = SwiftUIMemo;
			productReference = 7ADDD34D24F2688500A5B482 /* SwiftUIMemo.app */;
			productType = "com.apple.product-type.application";
		};
/* End PBXNativeTarget section */

/* Begin PBXProject section */
		7ADDD34524F2688500A5B482 /* Project object */ = {
			isa = PBXProject;
			attributes = {
				LastSwiftUpdateCheck = 1160;
				LastUpgradeCheck = 1160;
				ORGANIZATIONNAME = Youngsik;
				TargetAttributes = {
					7ADDD34C24F2688500A5B482 = {
						CreatedOnToolsVersion = 11.6;
					};
				};
			};
			buildConfigurationList = 7ADDD34824F2688500A5B482 /* Build configuration list for PBXProject "SwiftUIMemo" */;
			compatibilityVersion = "Xcode 9.3";
			developmentRegion = en;
			hasScannedForEncodings = 0;
			knownRegions = (
				en,
				Base,
			);
			mainGroup = 7ADDD34424F2688500A5B482;
			productRefGroup = 7ADDD34E24F2688500A5B482 /* Products */;
			projectDirPath = "";
			projectRoot = "";
			targets = (
				7ADDD34C24F2688500A5B482 /* SwiftUIMemo */,
			);
		};
/* End PBXProject section */

/* Begin PBXResourcesBuildPhase section */
		7ADDD34B24F2688500A5B482 /* Resources */ = {
			isa = PBXResourcesBuildPhase;
			buildActionMask = 2147483647;
			files = (
				7ADDD36024F2688700A5B482 /* LaunchScreen.storyboard in Resources */,
				7ADDD35D24F2688700A5B482 /* Preview Assets.xcassets in Resources */,
				7ADDD35A24F2688700A5B482 /* Assets.xcassets in Resources */,
			);
			runOnlyForDeploymentPostprocessing = 0;
		};
/* End PBXResourcesBuildPhase section */

/* Begin PBXSourcesBuildPhase section */
		7ADDD34924F2688500A5B482 /* Sources */ = {
			isa = PBXSourcesBuildPhase;
			buildActionMask = 2147483647;
			files = (
				7ADDD35624F2688500A5B482 /* SwiftUIMemo.xcdatamodeld in Sources */,
				7ADDD36C24F2709400A5B482 /* MemoStore.swift in Sources */,
				7AA755BD24F5B72000F46774 /* KeyboardObserver.swift in Sources */,
				7ADDD35124F2688500A5B482 /* AppDelegate.swift in Sources */,
				7ADDD35824F2688500A5B482 /* MemoListScene.swift in Sources */,
				7ADDD35324F2688500A5B482 /* SceneDelegate.swift in Sources */,
				7ADDD36A24F26EA400A5B482 /* Memo.swift in Sources */,
				7A2015B024F28CF900E30FCD /* DetaFormatter+Memo.swift in Sources */,
				7A5D8A9124F3D6D600DCA41A /* MemoCell.swift in Sources */,
				7A5D8A9424F3D99200DCA41A /* ComposeScene.swift in Sources */,
				7AA755BA24F5B52700F46774 /* TextView.swift in Sources */,
			);
			runOnlyForDeploymentPostprocessing = 0;
		};
/* End PBXSourcesBuildPhase section */

/* Begin PBXVariantGroup section */
		7ADDD35E24F2688700A5B482 /* LaunchScreen.storyboard */ = {
			isa = PBXVariantGroup;
			children = (
				7ADDD35F24F2688700A5B482 /* Base */,
			);
			name = LaunchScreen.storyboard;
			sourceTree = "<group>";
		};
/* End PBXVariantGroup section */

/* Begin XCBuildConfiguration section */
		7ADDD36224F2688700A5B482 /* Debug */ = {
			isa = XCBuildConfiguration;
			buildSettings = {
				ALWAYS_SEARCH_USER_PATHS = NO;
				CLANG_ANALYZER_NONNULL = YES;
				CLANG_ANALYZER_NUMBER_OBJECT_CONVERSION = YES_AGGRESSIVE;
				CLANG_CXX_LANGUAGE_STANDARD = "gnu++14";
				CLANG_CXX_LIBRARY = "libc++";
				CLANG_ENABLE_MODULES = YES;
				CLANG_ENABLE_OBJC_ARC = YES;
				CLANG_ENABLE_OBJC_WEAK = YES;
				CLANG_WARN_BLOCK_CAPTURE_AUTORELEASING = YES;
				CLANG_WARN_BOOL_CONVERSION = YES;
				CLANG_WARN_COMMA = YES;
				CLANG_WARN_CONSTANT_CONVERSION = YES;
				CLANG_WARN_DEPRECATED_OBJC_IMPLEMENTATIONS = YES;
				CLANG_WARN_DIRECT_OBJC_ISA_USAGE = YES_ERROR;
				CLANG_WARN_DOCUMENTATION_COMMENTS = YES;
				CLANG_WARN_EMPTY_BODY = YES;
				CLANG_WARN_ENUM_CONVERSION = YES;
				CLANG_WARN_INFINITE_RECURSION = YES;
				CLANG_WARN_INT_CONVERSION = YES;
				CLANG_WARN_NON_LITERAL_NULL_CONVERSION = YES;
				CLANG_WARN_OBJC_IMPLICIT_RETAIN_SELF = YES;
				CLANG_WARN_OBJC_LITERAL_CONVERSION = YES;
				CLANG_WARN_OBJC_ROOT_CLASS = YES_ERROR;
				CLANG_WARN_RANGE_LOOP_ANALYSIS = YES;
				CLANG_WARN_STRICT_PROTOTYPES = YES;
				CLANG_WARN_SUSPICIOUS_MOVE = YES;
				CLANG_WARN_UNGUARDED_AVAILABILITY = YES_AGGRESSIVE;
				CLANG_WARN_UNREACHABLE_CODE = YES;
				CLANG_WARN__DUPLICATE_METHOD_MATCH = YES;
				COPY_PHASE_STRIP = NO;
				DEBUG_INFORMATION_FORMAT = dwarf;
				ENABLE_STRICT_OBJC_MSGSEND = YES;
				ENABLE_TESTABILITY = YES;
				GCC_C_LANGUAGE_STANDARD = gnu11;
				GCC_DYNAMIC_NO_PIC = NO;
				GCC_NO_COMMON_BLOCKS = YES;
				GCC_OPTIMIZATION_LEVEL = 0;
				GCC_PREPROCESSOR_DEFINITIONS = (
					"DEBUG=1",
					"$(inherited)",
				);
				GCC_WARN_64_TO_32_BIT_CONVERSION = YES;
				GCC_WARN_ABOUT_RETURN_TYPE = YES_ERROR;
				GCC_WARN_UNDECLARED_SELECTOR = YES;
				GCC_WARN_UNINITIALIZED_AUTOS = YES_AGGRESSIVE;
				GCC_WARN_UNUSED_FUNCTION = YES;
				GCC_WARN_UNUSED_VARIABLE = YES;
				IPHONEOS_DEPLOYMENT_TARGET = 13.6;
				MTL_ENABLE_DEBUG_INFO = INCLUDE_SOURCE;
				MTL_FAST_MATH = YES;
				ONLY_ACTIVE_ARCH = YES;
				SDKROOT = iphoneos;
				SWIFT_ACTIVE_COMPILATION_CONDITIONS = DEBUG;
				SWIFT_OPTIMIZATION_LEVEL = "-Onone";
			};
			name = Debug;
		};
		7ADDD36324F2688700A5B482 /* Release */ = {
			isa = XCBuildConfiguration;
			buildSettings = {
				ALWAYS_SEARCH_USER_PATHS = NO;
				CLANG_ANALYZER_NONNULL = YES;
				CLANG_ANALYZER_NUMBER_OBJECT_CONVERSION = YES_AGGRESSIVE;
				CLANG_CXX_LANGUAGE_STANDARD = "gnu++14";
				CLANG_CXX_LIBRARY = "libc++";
				CLANG_ENABLE_MODULES = YES;
				CLANG_ENABLE_OBJC_ARC = YES;
				CLANG_ENABLE_OBJC_WEAK = YES;
				CLANG_WARN_BLOCK_CAPTURE_AUTORELEASING = YES;
				CLANG_WARN_BOOL_CONVERSION = YES;
				CLANG_WARN_COMMA = YES;
				CLANG_WARN_CONSTANT_CONVERSION = YES;
				CLANG_WARN_DEPRECATED_OBJC_IMPLEMENTATIONS = YES;
				CLANG_WARN_DIRECT_OBJC_ISA_USAGE = YES_ERROR;
				CLANG_WARN_DOCUMENTATION_COMMENTS = YES;
				CLANG_WARN_EMPTY_BODY = YES;
				CLANG_WARN_ENUM_CONVERSION = YES;
				CLANG_WARN_INFINITE_RECURSION = YES;
				CLANG_WARN_INT_CONVERSION = YES;
				CLANG_WARN_NON_LITERAL_NULL_CONVERSION = YES;
				CLANG_WARN_OBJC_IMPLICIT_RETAIN_SELF = YES;
				CLANG_WARN_OBJC_LITERAL_CONVERSION = YES;
				CLANG_WARN_OBJC_ROOT_CLASS = YES_ERROR;
				CLANG_WARN_RANGE_LOOP_ANALYSIS = YES;
				CLANG_WARN_STRICT_PROTOTYPES = YES;
				CLANG_WARN_SUSPICIOUS_MOVE = YES;
				CLANG_WARN_UNGUARDED_AVAILABILITY = YES_AGGRESSIVE;
				CLANG_WARN_UNREACHABLE_CODE = YES;
				CLANG_WARN__DUPLICATE_METHOD_MATCH = YES;
				COPY_PHASE_STRIP = NO;
				DEBUG_INFORMATION_FORMAT = "dwarf-with-dsym";
				ENABLE_NS_ASSERTIONS = NO;
				ENABLE_STRICT_OBJC_MSGSEND = YES;
				GCC_C_LANGUAGE_STANDARD = gnu11;
				GCC_NO_COMMON_BLOCKS = YES;
				GCC_WARN_64_TO_32_BIT_CONVERSION = YES;
				GCC_WARN_ABOUT_RETURN_TYPE = YES_ERROR;
				GCC_WARN_UNDECLARED_SELECTOR = YES;
				GCC_WARN_UNINITIALIZED_AUTOS = YES_AGGRESSIVE;
				GCC_WARN_UNUSED_FUNCTION = YES;
				GCC_WARN_UNUSED_VARIABLE = YES;
				IPHONEOS_DEPLOYMENT_TARGET = 13.6;
				MTL_ENABLE_DEBUG_INFO = NO;
				MTL_FAST_MATH = YES;
				SDKROOT = iphoneos;
				SWIFT_COMPILATION_MODE = wholemodule;
				SWIFT_OPTIMIZATION_LEVEL = "-O";
				VALIDATE_PRODUCT = YES;
			};
			name = Release;
		};
		7ADDD36524F2688700A5B482 /* Debug */ = {
			isa = XCBuildConfiguration;
			buildSettings = {
				ASSETCATALOG_COMPILER_APPICON_NAME = AppIcon;
				CODE_SIGN_STYLE = Automatic;
				DEVELOPMENT_ASSET_PATHS = "\"SwiftUIMemo/Preview Content\"";
				DEVELOPMENT_TEAM = G6T6Q5J6R3;
				ENABLE_PREVIEWS = YES;
				INFOPLIST_FILE = SwiftUIMemo/Info.plist;
				LD_RUNPATH_SEARCH_PATHS = (
					"$(inherited)",
					"@executable_path/Frameworks",
				);
				PRODUCT_BUNDLE_IDENTIFIER = com.SwiftUIMemo;
				PRODUCT_NAME = "$(TARGET_NAME)";
				SWIFT_VERSION = 5.0;
				TARGETED_DEVICE_FAMILY = "1,2";
			};
			name = Debug;
		};
		7ADDD36624F2688700A5B482 /* Release */ = {
			isa = XCBuildConfiguration;
			buildSettings = {
				ASSETCATALOG_COMPILER_APPICON_NAME = AppIcon;
				CODE_SIGN_STYLE = Automatic;
				DEVELOPMENT_ASSET_PATHS = "\"SwiftUIMemo/Preview Content\"";
				DEVELOPMENT_TEAM = G6T6Q5J6R3;
				ENABLE_PREVIEWS = YES;
				INFOPLIST_FILE = SwiftUIMemo/Info.plist;
				LD_RUNPATH_SEARCH_PATHS = (
					"$(inherited)",
					"@executable_path/Frameworks",
				);
				PRODUCT_BUNDLE_IDENTIFIER = com.SwiftUIMemo;
				PRODUCT_NAME = "$(TARGET_NAME)";
				SWIFT_VERSION = 5.0;
				TARGETED_DEVICE_FAMILY = "1,2";
			};
			name = Release;
		};
/* End XCBuildConfiguration section */

/* Begin XCConfigurationList section */
		7ADDD34824F2688500A5B482 /* Build configuration list for PBXProject "SwiftUIMemo" */ = {
			isa = XCConfigurationList;
			buildConfigurations = (
				7ADDD36224F2688700A5B482 /* Debug */,
				7ADDD36324F2688700A5B482 /* Release */,
			);
			defaultConfigurationIsVisible = 0;
			defaultConfigurationName = Release;
		};
		7ADDD36424F2688700A5B482 /* Build configuration list for PBXNativeTarget "SwiftUIMemo" */ = {
			isa = XCConfigurationList;
			buildConfigurations = (
				7ADDD36524F2688700A5B482 /* Debug */,
				7ADDD36624F2688700A5B482 /* Release */,
			);
			defaultConfigurationIsVisible = 0;
			defaultConfigurationName = Release;
		};
/* End XCConfigurationList section */

/* Begin XCVersionGroup section */
		7ADDD35424F2688500A5B482 /* SwiftUIMemo.xcdatamodeld */ = {
			isa = XCVersionGroup;
			children = (
				7ADDD35524F2688500A5B482 /* SwiftUIMemo.xcdatamodel */,
			);
			currentVersion = 7ADDD35524F2688500A5B482 /* SwiftUIMemo.xcdatamodel */;
			path = SwiftUIMemo.xcdatamodeld;
			sourceTree = "<group>";
			versionGroupType = wrapper.xcdatamodel;
		};
/* End XCVersionGroup section */
	};
	rootObject = 7ADDD34524F2688500A5B482 /* Project object */;
}
